
Microsoft Visual Studio Solution File, Format Version 12.00
# Visual Studio Version 17
VisualStudioVersion = 17.13.35825.156 d17.13
MinimumVisualStudioVersion = 10.0.40219.1
Project("{FAE04EC0-301F-11D3-BF4B-00C04F79EFBC}") = "Library_Borrowing_Books.Api", "Library_Borrowing_Books\Library_Borrowing_Books.Api.csproj", "{06872CF6-D594-44AB-A24B-A7953E4BA7A5}"
EndProject
Project("{FAE04EC0-301F-11D3-BF4B-00C04F79EFBC}") = "Data", "Data\Data.csproj", "{AEB9BF82-BEBC-4579-B8E8-2CAA0EE4B8ED}"
EndProject
Project("{FAE04EC0-301F-11D3-BF4B-00C04F79EFBC}") = "Infrastructure", "Infrastructure\Infrastructure.csproj", "{2B55C4CE-A113-498E-9921-37C151649FFB}"
EndProject
Project("{FAE04EC0-301F-11D3-BF4B-00C04F79EFBC}") = "Service", "Service\Service.csproj", "{9FA5F507-DE39-487C-8D05-30B990E073CC}"
EndProject
Project("{FAE04EC0-301F-11D3-BF4B-00C04F79EFBC}") = "Core", "Core\Core.csproj", "{0FF1F0D3-CED6-4EEE-B8B7-DC9EE9B61FB7}"
EndProject
Global
	GlobalSection(SolutionConfigurationPlatforms) = preSolution
		Debug|Any CPU = Debug|Any CPU
		Release|Any CPU = Release|Any CPU
	EndGlobalSection
	GlobalSection(ProjectConfigurationPlatforms) = postSolution
		{06872CF6-D594-44AB-A24B-A7953E4BA7A5}.Debug|Any CPU.ActiveCfg = Debug|Any CPU
		{06872CF6-D594-44AB-A24B-A7953E4BA7A5}.Debug|Any CPU.Build.0 = Debug|Any CPU
		{06872CF6-D594-44AB-A24B-A7953E4BA7A5}.Release|Any CPU.ActiveCfg = Release|Any CPU
		{06872CF6-D594-44AB-A24B-A7953E4BA7A5}.Release|Any CPU.Build.0 = Release|Any CPU
		{AEB9BF82-BEBC-4579-B8E8-2CAA0EE4B8ED}.Debug|Any CPU.ActiveCfg = Debug|Any CPU
		{AEB9BF82-BEBC-4579-B8E8-2CAA0EE4B8ED}.Debug|Any CPU.Build.0 = Debug|Any CPU
		{AEB9BF82-BEBC-4579-B8E8-2CAA0EE4B8ED}.Release|Any CPU.ActiveCfg = Release|Any CPU
		{AEB9BF82-BEBC-4579-B8E8-2CAA0EE4B8ED}.Release|Any CPU.Build.0 = Release|Any CPU
		{2B55C4CE-A113-498E-9921-37C151649FFB}.Debug|Any CPU.ActiveCfg = Debug|Any CPU
		{2B55C4CE-A113-498E-9921-37C151649FFB}.Debug|Any CPU.Build.0 = Debug|Any CPU
		{2B55C4CE-A113-498E-9921-37C151649FFB}.Release|Any CPU.ActiveCfg = Release|Any CPU
		{2B55C4CE-A113-498E-9921-37C151649FFB}.Release|Any CPU.Build.0 = Release|Any CPU
		{9FA5F507-DE39-487C-8D05-30B990E073CC}.Debug|Any CPU.ActiveCfg = Debug|Any CPU
		{9FA5F507-DE39-487C-8D05-30B990E073CC}.Debug|Any CPU.Build.0 = Debug|Any CPU
		{9FA5F507-DE39-487C-8D05-30B990E073CC}.Release|Any CPU.ActiveCfg = Release|Any CPU
		{9FA5F507-DE39-487C-8D05-30B990E073CC}.Release|Any CPU.Build.0 = Release|Any CPU
		{0FF1F0D3-CED6-4EEE-B8B7-DC9EE9B61FB7}.Debug|Any CPU.ActiveCfg = Debug|Any CPU
		{0FF1F0D3-CED6-4EEE-B8B7-DC9EE9B61FB7}.Debug|Any CPU.Build.0 = Debug|Any CPU
		{0FF1F0D3-CED6-4EEE-B8B7-DC9EE9B61FB7}.Release|Any CPU.ActiveCfg = Release|Any CPU
		{0FF1F0D3-CED6-4EEE-B8B7-DC9EE9B61FB7}.Release|Any CPU.Build.0 = Release|Any CPU
	EndGlobalSection
	GlobalSection(SolutionProperties) = preSolution
		HideSolutionNode = FALSE
	EndGlobalSection
	GlobalSection(ExtensibilityGlobals) = postSolution
		SolutionGuid = {C6319A55-C95A-42B5-ACDE-BDAD5EFF43B7}
	EndGlobalSection
EndGlobal
